
Microsoft Visual Studio Solution File, Format Version 12.00
# Visual Studio Version 16
VisualStudioVersion = 16.0.29318.209
MinimumVisualStudioVersion = 10.0.40219.1
Project("{FAE04EC0-301F-11D3-BF4B-00C04F79EFBC}") = "XamarinDemo.Android", "XamarinDemo\XamarinDemo.Android\XamarinDemo.Android.csproj", "{2A21690A-8DC3-419D-A3F9-163567FD1B6A}"
EndProject
Project("{FAE04EC0-301F-11D3-BF4B-00C04F79EFBC}") = "XamarinDemo.iOS", "XamarinDemo\XamarinDemo.iOS\XamarinDemo.iOS.csproj", "{665E5E97-502D-4C4E-BBCF-C58921318BA5}"
EndProject
Project("{FAE04EC0-301F-11D3-BF4B-00C04F79EFBC}") = "XamarinDemo", "XamarinDemo\XamarinDemo\XamarinDemo.csproj", "{DAC4A180-04E0-4C14-AA1D-92F051F68C28}"
EndProject
Global
	GlobalSection(SolutionConfigurationPlatforms) = preSolution
		Debug|Any CPU = Debug|Any CPU
		Debug|iPhone = Debug|iPhone
		Debug|iPhoneSimulator = Debug|iPhoneSimulator
		Release|Any CPU = Release|Any CPU
		Release|iPhone = Release|iPhone
		Release|iPhoneSimulator = Release|iPhoneSimulator
	EndGlobalSection
	GlobalSection(ProjectConfigurationPlatforms) = postSolution
		{2A21690A-8DC3-419D-A3F9-163567FD1B6A}.Debug|Any CPU.ActiveCfg = Debug|Any CPU
		{2A21690A-8DC3-419D-A3F9-163567FD1B6A}.Debug|Any CPU.Build.0 = Debug|Any CPU
		{2A21690A-8DC3-419D-A3F9-163567FD1B6A}.Debug|Any CPU.Deploy.0 = Debug|Any CPU
		{2A21690A-8DC3-419D-A3F9-163567FD1B6A}.Debug|iPhone.ActiveCfg = Debug|Any CPU
		{2A21690A-8DC3-419D-A3F9-163567FD1B6A}.Debug|iPhone.Build.0 = Debug|Any CPU
		{2A21690A-8DC3-419D-A3F9-163567FD1B6A}.Debug|iPhone.Deploy.0 = Debug|Any CPU
		{2A21690A-8DC3-419D-A3F9-163567FD1B6A}.Debug|iPhoneSimulator.ActiveCfg = Debug|Any CPU
		{2A21690A-8DC3-419D-A3F9-163567FD1B6A}.Debug|iPhoneSimulator.Build.0 = Debug|Any CPU
		{2A21690A-8DC3-419D-A3F9-163567FD1B6A}.Debug|iPhoneSimulator.Deploy.0 = Debug|Any CPU
		{2A21690A-8DC3-419D-A3F9-163567FD1B6A}.Release|Any CPU.ActiveCfg = Release|Any CPU
		{2A21690A-8DC3-419D-A3F9-163567FD1B6A}.Release|Any CPU.Build.0 = Release|Any CPU
		{2A21690A-8DC3-419D-A3F9-163567FD1B6A}.Release|Any CPU.Deploy.0 = Release|Any CPU
		{2A21690A-8DC3-419D-A3F9-163567FD1B6A}.Release|iPhone.ActiveCfg = Release|Any CPU
		{2A21690A-8DC3-419D-A3F9-163567FD1B6A}.Release|iPhone.Build.0 = Release|Any CPU
		{2A21690A-8DC3-419D-A3F9-163567FD1B6A}.Release|iPhone.Deploy.0 = Release|Any CPU
		{2A21690A-8DC3-419D-A3F9-163567FD1B6A}.Release|iPhoneSimulator.ActiveCfg = Release|Any CPU
		{2A21690A-8DC3-419D-A3F9-163567FD1B6A}.Release|iPhoneSimulator.Build.0 = Release|Any CPU
		{2A21690A-8DC3-419D-A3F9-163567FD1B6A}.Release|iPhoneSimulator.Deploy.0 = Release|Any CPU
		{665E5E97-502D-4C4E-BBCF-C58921318BA5}.Debug|Any CPU.ActiveCfg = Debug|iPhoneSimulator
		{665E5E97-502D-4C4E-BBCF-C58921318BA5}.Debug|Any CPU.Build.0 = Debug|iPhoneSimulator
		{665E5E97-502D-4C4E-BBCF-C58921318BA5}.Debug|Any CPU.Deploy.0 = Debug|iPhoneSimulator
		{665E5E97-502D-4C4E-BBCF-C58921318BA5}.Debug|iPhone.ActiveCfg = Debug|iPhone
		{665E5E97-502D-4C4E-BBCF-C58921318BA5}.Debug|iPhone.Build.0 = Debug|iPhone
		{665E5E97-502D-4C4E-BBCF-C58921318BA5}.Debug|iPhone.Deploy.0 = Debug|iPhone
		{665E5E97-502D-4C4E-BBCF-C58921318BA5}.Debug|iPhoneSimulator.ActiveCfg = Debug|iPhoneSimulator
		{665E5E97-502D-4C4E-BBCF-C58921318BA5}.Debug|iPhoneSimulator.Build.0 = Debug|iPhoneSimulator
		{665E5E97-502D-4C4E-BBCF-C58921318BA5}.Debug|iPhoneSimulator.Deploy.0 = Debug|iPhoneSimulator
		{665E5E97-502D-4C4E-BBCF-C58921318BA5}.Release|Any CPU.ActiveCfg = Release|iPhone
		{665E5E97-502D-4C4E-BBCF-C58921318BA5}.Release|Any CPU.Build.0 = Release|iPhone
		{665E5E97-502D-4C4E-BBCF-C58921318BA5}.Release|Any CPU.Deploy.0 = Release|iPhone
		{665E5E97-502D-4C4E-BBCF-C58921318BA5}.Release|iPhone.ActiveCfg = Release|iPhone
		{665E5E97-502D-4C4E-BBCF-C58921318BA5}.Release|iPhone.Build.0 = Release|iPhone
		{665E5E97-502D-4C4E-BBCF-C58921318BA5}.Release|iPhone.Deploy.0 = Release|iPhone
		{665E5E97-502D-4C4E-BBCF-C58921318BA5}.Release|iPhoneSimulator.ActiveCfg = Release|iPhoneSimulator
		{665E5E97-502D-4C4E-BBCF-C58921318BA5}.Release|iPhoneSimulator.Build.0 = Release|iPhoneSimulator
		{665E5E97-502D-4C4E-BBCF-C58921318BA5}.Release|iPhoneSimulator.Deploy.0 = Release|iPhoneSimulator
		{DAC4A180-04E0-4C14-AA1D-92F051F68C28}.Debug|Any CPU.ActiveCfg = Debug|Any CPU
		{DAC4A180-04E0-4C14-AA1D-92F051F68C28}.Debug|Any CPU.Build.0 = Debug|Any CPU
		{DAC4A180-04E0-4C14-AA1D-92F051F68C28}.Debug|Any CPU.Deploy.0 = Debug|Any CPU
		{DAC4A180-04E0-4C14-AA1D-92F051F68C28}.Debug|iPhone.ActiveCfg = Debug|Any CPU
		{DAC4A180-04E0-4C14-AA1D-92F051F68C28}.Debug|iPhone.Build.0 = Debug|Any CPU
		{DAC4A180-04E0-4C14-AA1D-92F051F68C28}.Debug|iPhone.Deploy.0 = Debug|Any CPU
		{DAC4A180-04E0-4C14-AA1D-92F051F68C28}.Debug|iPhoneSimulator.ActiveCfg = Debug|Any CPU
		{DAC4A180-04E0-4C14-AA1D-92F051F68C28}.Debug|iPhoneSimulator.Build.0 = Debug|Any CPU
		{DAC4A180-04E0-4C14-AA1D-92F051F68C28}.Debug|iPhoneSimulator.Deploy.0 = Debug|Any CPU
		{DAC4A180-04E0-4C14-AA1D-92F051F68C28}.Release|Any CPU.ActiveCfg = Release|Any CPU
		{DAC4A180-04E0-4C14-AA1D-92F051F68C28}.Release|Any CPU.Build.0 = Release|Any CPU
		{DAC4A180-04E0-4C14-AA1D-92F051F68C28}.Release|Any CPU.Deploy.0 = Release|Any CPU
		{DAC4A180-04E0-4C14-AA1D-92F051F68C28}.Release|iPhone.ActiveCfg = Release|Any CPU
		{DAC4A180-04E0-4C14-AA1D-92F051F68C28}.Release|iPhone.Build.0 = Release|Any CPU
		{DAC4A180-04E0-4C14-AA1D-92F051F68C28}.Release|iPhone.Deploy.0 = Release|Any CPU
		{DAC4A180-04E0-4C14-AA1D-92F051F68C28}.Release|iPhoneSimulator.ActiveCfg = Release|Any CPU
		{DAC4A180-04E0-4C14-AA1D-92F051F68C28}.Release|iPhoneSimulator.Build.0 = Release|Any CPU
		{DAC4A180-04E0-4C14-AA1D-92F051F68C28}.Release|iPhoneSimulator.Deploy.0 = Release|Any CPU
	EndGlobalSection
	GlobalSection(SolutionProperties) = preSolution
		HideSolutionNode = FALSE
	EndGlobalSection
	GlobalSection(ExtensibilityGlobals) = postSolution
		SolutionGuid = {18E52A20-6273-4B12-BB0F-77EF1A02C042}
	EndGlobalSection
EndGlobal
